{
  "name": "better-chat-agent",
  "version": "0.1.0",
  "lockfileVersion": 3,
  "requires": true,
  "packages": {
    "": {
      "name": "better-chat-agent",
      "version": "0.1.0",
      "dependencies": {
        "dotenv": "^16.5.0",
        "marked": "^15.0.12",
        "marked-terminal": "^7.3.0"
      },
      "devDependencies": {
        "@types/marked-terminal": "^6.1.1",
        "@types/node": "^22.15.0",
        "tsx": "^4.19.0",
        "typescript": "^5.8.0"
      }
    },
    "node_modules/@colors/colors": {
      "version": "1.5.0",
      "resolved": "https://registry.npm.wps.cn/@colors/colors/download/@colors/colors-1.5.0.tgz",
      "integrity": "sha1-u1BFecHK6SPmV2pPXaQ9Jfl729k=",
      "license": "MIT",
      "optional": true,
      "engines": {
        "node": ">=0.1.90"
      }
    },
    "node_modules/@esbuild/aix-ppc64": {
      "version": "0.27.7",
      "resolved": "https://registry.npm.wps.cn/@esbuild/aix-ppc64/download/@esbuild/aix-ppc64-0.27.7.tgz",
      "integrity": "sha1-grdPkqp41yC3FBYpOfskjJCt31M=",
      "cpu": [
        "ppc64"
      ],
      "dev": true,
      "license": "MIT",
      "optional": true,
      "os": [
        "aix"
      ],
      "engines": {
        "node": ">=18"
      }
    },
    "node_modules/@esbuild/android-arm": {
      "version": "0.27.7",
      "resolved": "https://registry.npm.wps.cn/@esbuild/android-arm/download/@esbuild/android-arm-0.27.7.tgz",
      "integrity": "sha1-WT4QoUULv8rGyzIfYfRoRTusIJ0=",
      "cpu": [
        "arm"
      ],
      "dev": true,
      "license": "MIT",
      "optional": true,
      "os": [
        "android"
      ],
      "engines": {
        "node": ">=18"
      }
    },
    "node_modules/@esbuild/android-arm64": {
      "version": "0.27.7",
      "resolved": "https://registry.npm.wps.cn/@esbuild/android-arm64/download/@esbuild/android-arm64-0.27.7.tgz",
      "integrity": "sha1-94y4oxIfwgWlMoWtskly2zhdGF0=",
      "cpu": [
        "arm64"
      ],
      "dev": true,
      "license": "MIT",
      "optional": true,
      "os": [
        "android"
      ],
      "engines": {
        "node": ">=18"
      }
    },
    "node_modules/@esbuild/android-x64": {
      "version": "0.27.7",
      "resolved": "https://registry.npm.wps.cn/@esbuild/android-x64/download/@esbuild/android-x64-0.27.7.tgz",
      "integrity": "sha1-RTFD0HMyYDPS0iyvnkjeS64nSwc=",
      "cpu": [
        "x64"
      ],
      "dev": true,
      "license": "MIT",
      "optional": true,
      "os": [
        "android"
      ],
      "engines": {
        "node": ">=18"
      }
    },
    "node_modules/@esbuild/darwin-arm64": {
      "version": "0.27.7",
      "resolved": "https://registry.npm.wps.cn/@esbuild/darwin-arm64/download/@esbuild/darwin-arm64-0.27.7.tgz",
      "integrity": "sha1-byMAD7m0C34Et9BgbAaTvQYy8yI=",
      "cpu": [
        "arm64"
      ],
      "dev": true,
      "license": "MIT",
      "optional": true,
      "os": [
        "darwin"
      ],
      "engines": {
        "node": ">=18"
      }
    },
    "node_modules/@esbuild/darwin-x64": {
      "version": "0.27.7",
      "resolved": "https://registry.npm.wps.cn/@esbuild/darwin-x64/download/@esbuild/darwin-x64-0.27.7.tgz",
      "integrity": "sha1-Jzk90YuxJjxmOXnF8VduAMLQJL4=",
      "cpu": [
        "x64"
      ],
      "dev": true,
      "license": "MIT",
      "optional": true,
      "os": [
        "darwin"
      ],
      "engines": {
        "node": ">=18"
      }
    },
    "node_modules/@esbuild/freebsd-arm64": {
      "version": "0.27.7",
      "resolved": "https://registry.npm.wps.cn/@esbuild/freebsd-arm64/download/@esbuild/freebsd-arm64-0.27.7.tgz",
      "integrity": "sha1-IuRjj6UC0cACcHcyTJdkDjrfOmI=",
      "cpu": [
        "arm64"
      ],
      "dev": true,
      "license": "MIT",
      "optional": true,
      "os": [
        "freebsd"
      ],
      "engines": {
        "node": ">=18"
      }
    },
    "node_modules/@esbuild/freebsd-x64": {
      "version": "0.27.7",
      "resolved": "https://registry.npm.wps.cn/@esbuild/freebsd-x64/download/@esbuild/freebsd-x64-0.27.7.tgz",
      "integrity": "sha1-kiS45P6pJM4hlOPvw+muv4IhktY=",
      "cpu": [
        "x64"
      ],
      "dev": true,
      "license": "MIT",
      "optional": true,
      "os": [
        "freebsd"
      ],
      "engines": {
        "node": ">=18"
      }
    },
    "node_modules/@esbuild/linux-arm": {
      "version": "0.27.7",
      "resolved": "https://registry.npm.wps.cn/@esbuild/linux-arm/download/@esbuild/linux-arm-0.27.7.tgz",
      "integrity": "sha1-uenQcMjBwESc8Ssg6sN9cKRZWSE=",
      "cpu": [
        "arm"
      ],
      "dev": true,
      "license": "MIT",
      "optional": true,
      "os": [
        "linux"
      ],
      "engines": {
        "node": ">=18"
      }
    },
    "node_modules/@esbuild/linux-arm64": {
      "version": "0.27.7",
      "resolved": "https://registry.npm.wps.cn/@esbuild/linux-arm64/download/@esbuild/linux-arm64-0.27.7.tgz",
      "integrity": "sha1-T10cJ1J9gXs1aEriFBnlfCvaCWY=",
      "cpu": [
        "arm64"
      ],
      "dev": true,
      "license": "MIT",
      "optional": true,
      "os": [
        "linux"
      ],
      "engines": {
        "node": ">=18"
      }
    },
    "node_modules/@esbuild/linux-ia32": {
      "version": "0.27.7",
      "resolved": "https://registry.npm.wps.cn/@esbuild/linux-ia32/download/@esbuild/linux-ia32-0.27.7.tgz",
      "integrity": "sha1-P4D7aWqpYFGpQEfzXIWwiyHDb54=",
      "cpu": [
        "ia32"
      ],
      "dev": true,
      "license": "MIT",
      "optional": true,
      "os": [
        "linux"
      ],
      "engines": {
        "node": ">=18"
      }
    },
    "node_modules/@esbuild/linux-loong64": {
      "version": "0.27.7",
      "resolved": "https://registry.npm.wps.cn/@esbuild/linux-loong64/download/@esbuild/linux-loong64-0.27.7.tgz",
      "integrity": "sha1-m+HywoIQsT67QVYiG7o1b+FnUgU=",
      "cpu": [
        "loong64"
      ],
      "dev": true,
      "license": "MIT",
      "optional": true,
      "os": [
        "linux"
      ],
      "engines": {
        "node": ">=18"
      }
    },
    "node_modules/@esbuild/linux-mips64el": {
      "version": "0.27.7",
      "resolved": "https://registry.npm.wps.cn/@esbuild/linux-mips64el/download/@esbuild/linux-mips64el-0.27.7.tgz",
      "integrity": "sha1-SrXuZ6Pfy8tej9eIPa5uc1sRY7g=",
      "cpu": [
        "mips64el"
      ],
      "dev": true,
      "license": "MIT",
      "optional": true,
      "os": [
        "linux"
      ],
      "engines": {
        "node": ">=18"
      }
    },
    "node_modules/@esbuild/linux-ppc64": {
      "version": "0.27.7",
      "resolved": "https://registry.npm.wps.cn/@esbuild/linux-ppc64/download/@esbuild/linux-ppc64-0.27.7.tgz",
      "integrity": "sha1-2seMaJ9kmUWcQyHlwVAywSMH5+o=",
      "cpu": [
        "ppc64"
      ],
      "dev": true,
      "license": "MIT",
      "optional": true,
      "os": [
        "linux"
      ],
      "engines": {
        "node": ">=18"
      }
    },
    "node_modules/@esbuild/linux-riscv64": {
      "version": "0.27.7",
      "resolved": "https://registry.npm.wps.cn/@esbuild/linux-riscv64/download/@esbuild/linux-riscv64-0.27.7.tgz",
      "integrity": "sha1-BQ99OzVcOpgwjpNbxNYyXakbACc=",
      "cpu": [
        "riscv64"
      ],
      "dev": true,
      "license": "MIT",
      "optional": true,
      "os": [
        "linux"
      ],
      "engines": {
        "node": ">=18"
      }
    },
    "node_modules/@esbuild/linux-s390x": {
      "version": "0.27.7",
      "resolved": "https://registry.npm.wps.cn/@esbuild/linux-s390x/download/@esbuild/linux-s390x-0.27.7.tgz",
      "integrity": "sha1-1h9xXOYdQ/5YRK0Nj0Y/iMvk/vY=",
      "cpu": [
        "s390x"
      ],
      "dev": true,
      "license": "MIT",
      "optional": true,
      "os": [
        "linux"
      ],
      "engines": {
        "node": ">=18"
      }
    },
    "node_modules/@esbuild/linux-x64": {
      "version": "0.27.7",
      "resolved": "https://registry.npm.wps.cn/@esbuild/linux-x64/download/@esbuild/linux-x64-0.27.7.tgz",
      "integrity": "sha1-yo4apHj8ggkle/Osj3nE3CmC8yo=",
      "cpu": [
        "x64"
      ],
      "dev": true,
      "license": "MIT",
      "optional": true,
      "os": [
        "linux"
      ],
      "engines": {
        "node": ">=18"
      }
    },
    "node_modules/@esbuild/netbsd-arm64": {
      "version": "0.27.7",
      "resolved": "https://registry.npm.wps.cn/@esbuild/netbsd-arm64/download/@esbuild/netbsd-arm64-0.27.7.tgz",
      "integrity": "sha1-FlDywblI3us++Ujy/DBhRyPAlpA=",
      "cpu": [
        "arm64"
      ],
      "dev": true,
      "license": "MIT",
      "optional": true,
      "os": [
        "netbsd"
      ],
      "engines": {
        "node": ">=18"
      }
    },
    "node_modules/@esbuild/netbsd-x64": {
      "version": "0.27.7",
      "resolved": "https://registry.npm.wps.cn/@esbuild/netbsd-x64/download/@esbuild/netbsd-x64-0.27.7.tgz",
      "integrity": "sha1-ZXcqs0LEszGb8HBaIRBQqsG24yA=",
      "cpu": [
        "x64"
      ],
      "dev": true,
      "license": "MIT",
      "optional": true,
      "os": [
        "netbsd"
      ],
      "engines": {
        "node": ">=18"
      }
    },
    "node_modules/@esbuild/openbsd-arm64": {
      "version": "0.27.7",
      "resolved": "https://registry.npm.wps.cn/@esbuild/openbsd-arm64/download/@esbuild/openbsd-arm64-0.27.7.tgz",
      "integrity": "sha1-N+18+mZUnXlVhS/ON9DD3k5xXqE=",
      "cpu": [
        "arm64"
      ],
      "dev": true,
      "license": "MIT",
      "optional": true,
      "os": [
        "openbsd"
      ],
      "engines": {
        "node": ">=18"
      }
    },
    "node_modules/@esbuild/openbsd-x64": {
      "version": "0.27.7",
      "resolved": "https://registry.npm.wps.cn/@esbuild/openbsd-x64/download/@esbuild/openbsd-x64-0.27.7.tgz",
      "integrity": "sha1-Ab89OFhV71DLM9t8S1L5V8NM0Xk=",
      "cpu": [
        "x64"
      ],
      "dev": true,
      "license": "MIT",
      "optional": true,
      "os": [
        "openbsd"
      ],
      "engines": {
        "node": ">=18"
      }
    },
    "node_modules/@esbuild/openharmony-arm64": {
      "version": "0.27.7",
      "resolved": "https://registry.npm.wps.cn/@esbuild/openharmony-arm64/download/@esbuild/openharmony-arm64-0.27.7.tgz",
      "integrity": "sha1-bB+Us0CGWZqr2k6sj2OClLmHdBA=",
      "cpu": [
        "arm64"
      ],
      "dev": true,
      "license": "MIT",
      "optional": true,
      "os": [
        "openharmony"
      ],
      "engines": {
        "node": ">=18"
      }
    },
    "node_modules/@esbuild/sunos-x64": {
      "version": "0.27.7",
      "resolved": "https://registry.npm.wps.cn/@esbuild/sunos-x64/download/@esbuild/sunos-x64-0.27.7.tgz",
      "integrity": "sha1-Sw3ReuCmlB0tD9NakGOSUXBxqQ0=",
      "cpu": [
        "x64"
      ],
      "dev": true,
      "license": "MIT",
      "optional": true,
      "os": [
        "sunos"
      ],
      "engines": {
        "node": ">=18"
      }
    },
    "node_modules/@esbuild/win32-arm64": {
      "version": "0.27.7",
      "resolved": "https://registry.npm.wps.cn/@esbuild/win32-arm64/download/@esbuild/win32-arm64-0.27.7.tgz",
      "integrity": "sha1-NBk6tVZdb/aMqSisBL51ECzLLnc=",
      "cpu": [
        "arm64"
      ],
      "dev": true,
      "license": "MIT",
      "optional": true,
      "os": [
        "win32"
      ],
      "engines": {
        "node": ">=18"
      }
    },
    "node_modules/@esbuild/win32-ia32": {
      "version": "0.27.7",
      "resolved": "https://registry.npm.wps.cn/@esbuild/win32-ia32/download/@esbuild/win32-ia32-0.27.7.tgz",
      "integrity": "sha1-62fw5EglFdjBiU7eYxwyek2p/E0=",
      "cpu": [
        "ia32"
      ],
      "dev": true,
      "license": "MIT",
      "optional": true,
      "os": [
        "win32"
      ],
      "engines": {
        "node": ">=18"
      }
    },
    "node_modules/@esbuild/win32-x64": {
      "version": "0.27.7",
      "resolved": "https://registry.npm.wps.cn/@esbuild/win32-x64/download/@esbuild/win32-x64-0.27.7.tgz",
      "integrity": "sha1-j+MLMIi4m0hzw6bMh1l645IMCos=",
      "cpu": [
        "x64"
      ],
      "dev": true,
      "license": "MIT",
      "optional": true,
      "os": [
        "win32"
      ],
      "engines": {
        "node": ">=18"
      }
    },
    "node_modules/@sindresorhus/is": {
      "version": "4.6.0",
      "resolved": "https://registry.npm.wps.cn/@sindresorhus/is/download/@sindresorhus/is-4.6.0.tgz",
      "integrity": "sha1-PHycRuZ4/u/nouW7YJ09vWZf+z8=",
      "license": "MIT",
      "engines": {
        "node": ">=10"
      },
      "funding": {
        "url": "https://github.com/sindresorhus/is?sponsor=1"
      }
    },
    "node_modules/@types/cardinal": {
      "version": "2.1.1",
      "resolved": "https://registry.npm.wps.cn/@types/cardinal/download/@types/cardinal-2.1.1.tgz",
      "integrity": "sha1-3OYoq9wSPS4D9P38i8pojLlZCYY=",
      "dev": true,
      "license": "MIT"
    },
    "node_modules/@types/marked-terminal": {
      "version": "6.1.1",
      "resolved": "https://registry.npm.wps.cn/@types/marked-terminal/download/@types/marked-terminal-6.1.1.tgz",
      "integrity": "sha1-vU/A3hBHeydd3rLG+U+hn312nUw=",
      "dev": true,
      "license": "MIT",
      "dependencies": {
        "@types/cardinal": "^2.1",
        "@types/node": "*",
        "chalk": "^5.3.0",
        "marked": ">=6.0.0 <12"
      }
    },
    "node_modules/@types/marked-terminal/node_modules/marked": {
      "version": "11.2.0",
      "resolved": "https://registry.npm.wps.cn/marked/download/marked-11.2.0.tgz",
      "integrity": "sha1-/JCK7KlityGwOS7kIF5vkOv/sHQ=",
      "dev": true,
      "license": "MIT",
      "bin": {
        "marked": "bin/marked.js"
      },
      "engines": {
        "node": ">= 18"
      }
    },
    "node_modules/@types/node": {
      "version": "22.19.19",
      "resolved": "https://registry.npm.wps.cn/@types/node/download/@types/node-22.19.19.tgz",
      "integrity": "sha1-MSS/Jt7VQWi3aBODIf75m0IMYRI=",
      "dev": true,
      "license": "MIT",
      "dependencies": {
        "undici-types": "~6.21.0"
      }
    },
    "node_modules/ansi-escapes": {
      "version": "7.3.0",
      "resolved": "https://registry.npm.wps.cn/ansi-escapes/download/ansi-escapes-7.3.0.tgz",
      "integrity": "sha1-U5W7dLIVCkodbjwlZfSuynjShic=",
      "license": "MIT",
      "dependencies": {
        "environment": "^1.0.0"
      },
      "engines": {
        "node": ">=18"
      },
      "funding": {
        "url": "https://github.com/sponsors/sindresorhus"
      }
    },
    "node_modules/ansi-regex": {
      "version": "6.2.2",
      "resolved": "https://registry.npm.wps.cn/ansi-regex/download/ansi-regex-6.2.2.tgz",
      "integrity": "sha1-YCFu6kZNhkWXzigyAAc4oFiWUME=",
      "license": "MIT",
      "engines": {
        "node": ">=12"
      },
      "funding": {
        "url": "https://github.com/chalk/ansi-regex?sponsor=1"
      }
    },
    "node_modules/ansi-styles": {
      "version": "4.3.0",
      "resolved": "https://registry.npm.wps.cn/ansi-styles/download/ansi-styles-4.3.0.tgz",
      "integrity": "sha1-7dgDYornHATIWuegkG7a00tkiTc=",
      "license": "MIT",
      "dependencies": {
        "color-convert": "^2.0.1"
      },
      "engines": {
        "node": ">=8"
      },
      "funding": {
        "url": "https://github.com/chalk/ansi-styles?sponsor=1"
      }
    },
    "node_modules/any-promise": {
      "version": "1.3.0",
      "resolved": "https://registry.npm.wps.cn/any-promise/download/any-promise-1.3.0.tgz",
      "integrity": "sha1-q8av7tzqUugJzcA3au0845Y10X8=",
      "license": "MIT"
    },
    "node_modules/chalk": {
      "version": "5.6.2",
      "resolved": "https://registry.npm.wps.cn/chalk/download/chalk-5.6.2.tgz",
      "integrity": "sha1-sSOLbiPqM3r3HH+KKV21rwwViuo=",
      "license": "MIT",
      "engines": {
        "node": "^12.17.0 || ^14.13 || >=16.0.0"
      },
      "funding": {
        "url": "https://github.com/chalk/chalk?sponsor=1"
      }
    },
    "node_modules/char-regex": {
      "version": "1.0.2",
      "resolved": "https://registry.npm.wps.cn/char-regex/download/char-regex-1.0.2.tgz",
      "integrity": "sha1-10Q1giYhf5ge1Y9Hmx1rzClUXc8=",
      "license": "MIT",
      "engines": {
        "node": ">=10"
      }
    },
    "node_modules/cli-highlight": {
      "version": "2.1.11",
      "resolved": "https://registry.npm.wps.cn/cli-highlight/download/cli-highlight-2.1.11.tgz",
      "integrity": "sha1-SXNvpFLwqvT65YDjCssmgo0twb8=",
      "license": "ISC",
      "dependencies": {
        "chalk": "^4.0.0",
        "highlight.js": "^10.7.1",
        "mz": "^2.4.0",
        "parse5": "^5.1.1",
        "parse5-htmlparser2-tree-adapter": "^6.0.0",
        "yargs": "^16.0.0"
      },
      "bin": {
        "highlight": "bin/highlight"
      },
      "engines": {
        "node": ">=8.0.0",
        "npm": ">=5.0.0"
      }
    },
    "node_modules/cli-highlight/node_modules/chalk": {
      "version": "4.1.2",
      "resolved": "https://registry.npm.wps.cn/chalk/download/chalk-4.1.2.tgz",
      "integrity": "sha1-qsTit3NKdAhnrrFr8CqtVWoeegE=",
      "license": "MIT",
      "dependencies": {
        "ansi-styles": "^4.1.0",
        "supports-color": "^7.1.0"
      },
      "engines": {
        "node": ">=10"
      },
      "funding": {
        "url": "https://github.com/chalk/chalk?sponsor=1"
      }
    },
    "node_modules/cli-table3": {
      "version": "0.6.5",
      "resolved": "https://registry.npm.wps.cn/cli-table3/download/cli-table3-0.6.5.tgz",
      "integrity": "sha1-ATuRNRdic5wWqVZ8IaBGMuRJvy8=",
      "license": "MIT",
      "dependencies": {
        "string-width": "^4.2.0"
      },
      "engines": {
        "node": "10.* || >= 12.*"
      },
      "optionalDependencies": {
        "@colors/colors": "1.5.0"
      }
    },
    "node_modules/cliui": {
      "version": "7.0.4",
      "resolved": "https://registry.npm.wps.cn/cliui/download/cliui-7.0.4.tgz",
      "integrity": "sha1-oCZe5lVHb8gHrqnfPfjfd4OAi08=",
      "license": "ISC",
      "dependencies": {
        "string-width": "^4.2.0",
        "strip-ansi": "^6.0.0",
        "wrap-ansi": "^7.0.0"
      }
    },
    "node_modules/color-convert": {
      "version": "2.0.1",
      "resolved": "https://registry.npm.wps.cn/color-convert/download/color-convert-2.0.1.tgz",
      "integrity": "sha1-ctOmjVmMm9s68q0ehPIdiWq9TeM=",
      "license": "MIT",
      "dependencies": {
        "color-name": "~1.1.4"
      },
      "engines": {
        "node": ">=7.0.0"
      }
    },
    "node_modules/color-name": {
      "version": "1.1.4",
      "resolved": "https://registry.npm.wps.cn/color-name/download/color-name-1.1.4.tgz",
      "integrity": "sha1-wqCah6y95pVD3m9j+jmVyCbFNqI=",
      "license": "MIT"
    },
    "node_modules/dotenv": {
      "version": "16.6.1",
      "resolved": "https://registry.npm.wps.cn/dotenv/download/dotenv-16.6.1.tgz",
      "integrity": "sha1-dz8OaVJ6gxXHKF1e5zxEWdIKgCA=",
      "license": "BSD-2-Clause",
      "engines": {
        "node": ">=12"
      },
      "funding": {
        "url": "https://dotenvx.com"
      }
    },
    "node_modules/emoji-regex": {
      "version": "8.0.0",
      "resolved": "https://registry.npm.wps.cn/emoji-regex/download/emoji-regex-8.0.0.tgz",
      "integrity": "sha1-6Bj9ac5cz8tARZT4QpY79TFkzDc=",
      "license": "MIT"
    },
    "node_modules/emojilib": {
      "version": "2.4.0",
      "resolved": "https://registry.npm.wps.cn/emojilib/download/emojilib-2.4.0.tgz",
      "integrity": "sha1-rFGKi7DV923aVyicyy/fnTmuch4=",
      "license": "MIT"
    },
    "node_modules/environment": {
      "version": "1.1.0",
      "resolved": "https://registry.npm.wps.cn/environment/download/environment-1.1.0.tgz",
      "integrity": "sha1-jobGaxgPNjx6sxF4fgJZZl9FqfE=",
      "license": "MIT",
      "engines": {
        "node": ">=18"
      },
      "funding": {
        "url": "https://github.com/sponsors/sindresorhus"
      }
    },
    "node_modules/esbuild": {
      "version": "0.27.7",
      "resolved": "https://registry.npm.wps.cn/esbuild/download/esbuild-0.27.7.tgz",
      "integrity": "sha1-vK3OIrLz/XbyV+OmT4OmSYb+oR8=",
      "dev": true,
      "hasInstallScript": true,
      "license": "MIT",
      "bin": {
        "esbuild": "bin/esbuild"
      },
      "engines": {
        "node": ">=18"
      },
      "optionalDependencies": {
        "@esbuild/aix-ppc64": "0.27.7",
        "@esbuild/android-arm": "0.27.7",
        "@esbuild/android-arm64": "0.27.7",
        "@esbuild/android-x64": "0.27.7",
        "@esbuild/darwin-arm64": "0.27.7",
        "@esbuild/darwin-x64": "0.27.7",
        "@esbuild/freebsd-arm64": "0.27.7",
        "@esbuild/freebsd-x64": "0.27.7",
        "@esbuild/linux-arm": "0.27.7",
        "@esbuild/linux-arm64": "0.27.7",
        "@esbuild/linux-ia32": "0.27.7",
        "@esbuild/linux-loong64": "0.27.7",
        "@esbuild/linux-mips64el": "0.27.7",
        "@esbuild/linux-ppc64": "0.27.7",
        "@esbuild/linux-riscv64": "0.27.7",
        "@esbuild/linux-s390x": "0.27.7",
        "@esbuild/linux-x64": "0.27.7",
        "@esbuild/netbsd-arm64": "0.27.7",
        "@esbuild/netbsd-x64": "0.27.7",
        "@esbuild/openbsd-arm64": "0.27.7",
        "@esbuild/openbsd-x64": "0.27.7",
        "@esbuild/openharmony-arm64": "0.27.7",
        "@esbuild/sunos-x64": "0.27.7",
        "@esbuild/win32-arm64": "0.27.7",
        "@esbuild/win32-ia32": "0.27.7",
        "@esbuild/win32-x64": "0.27.7"
      }
    },
    "node_modules/escalade": {
      "version": "3.2.0",
      "resolved": "https://registry.npm.wps.cn/escalade/download/escalade-3.2.0.tgz",
      "integrity": "sha1-ARo/aYVroYnf+n3I/M6Z0qh5A+U=",
      "license": "MIT",
      "engines": {
        "node": ">=6"
      }
    },
    "node_modules/fsevents": {
      "version": "2.3.3",
      "resolved": "https://registry.npm.wps.cn/fsevents/download/fsevents-2.3.3.tgz",
      "integrity": "sha1-ysZAd4XQNnWipeGlMFxpezR9kNY=",
      "dev": true,
      "hasInstallScript": true,
      "license": "MIT",
      "optional": true,
      "os": [
        "darwin"
      ],
      "engines": {
        "node": "^8.16.0 || ^10.6.0 || >=11.0.0"
      }
    },
    "node_modules/get-caller-file": {
      "version": "2.0.5",
      "resolved": "https://registry.npm.wps.cn/get-caller-file/download/get-caller-file-2.0.5.tgz",
      "integrity": "sha1-T5RBKoLbMvNuOwuXQfipf+sDH34=",
      "license": "ISC",
      "engines": {
        "node": "6.* || 8.* || >= 10.*"
      }
    },
    "node_modules/get-tsconfig": {
      "version": "4.14.0",
      "resolved": "https://registry.npm.wps.cn/get-tsconfig/download/get-tsconfig-4.14.0.tgz",
      "integrity": "sha1-mF2FxSqZA4ZCgMzCRI1BP78e/tg=",
      "dev": true,
      "license": "MIT",
      "dependencies": {
        "resolve-pkg-maps": "^1.0.0"
      },
      "funding": {
        "url": "https://github.com/privatenumber/get-tsconfig?sponsor=1"
      }
    },
    "node_modules/has-flag": {
      "version": "4.0.0",
      "resolved": "https://registry.npm.wps.cn/has-flag/download/has-flag-4.0.0.tgz",
      "integrity": "sha1-lEdx/ZyByBJlxNaUGGDaBrtZR5s=",
      "license": "MIT",
      "engines": {
        "node": ">=8"
      }
    },
    "node_modules/highlight.js": {
      "version": "10.7.3",
      "resolved": "https://registry.npm.wps.cn/highlight.js/download/highlight.js-10.7.3.tgz",
      "integrity": "sha1-aXJy45kTVuQMPKxWanTu9oF1ZTE=",
      "license": "BSD-3-Clause",
      "engines": {
        "node": "*"
      }
    },
    "node_modules/is-fullwidth-code-point": {
      "version": "3.0.0",
      "resolved": "https://registry.npm.wps.cn/is-fullwidth-code-point/download/is-fullwidth-code-point-3.0.0.tgz",
      "integrity": "sha1-8Rb4Bk/pCz94RKOJl8C3UFEmnx0=",
      "license": "MIT",
      "engines": {
        "node": ">=8"
      }
    },
    "node_modules/marked": {
      "version": "15.0.12",
      "resolved": "https://registry.npm.wps.cn/marked/download/marked-15.0.12.tgz",
      "integrity": "sha1-MHIsc0bhLQotAgermwxPAQLYbE4=",
      "license": "MIT",
      "bin": {
        "marked": "bin/marked.js"
      },
      "engines": {
        "node": ">= 18"
      }
    },
    "node_modules/marked-terminal": {
      "version": "7.3.0",
      "resolved": "https://registry.npm.wps.cn/marked-terminal/download/marked-terminal-7.3.0.tgz",
      "integrity": "sha1-eoYjZWXz3VMPRl/86cP4ti7ycOg=",
      "license": "MIT",
      "dependencies": {
        "ansi-escapes": "^7.0.0",
        "ansi-regex": "^6.1.0",
        "chalk": "^5.4.1",
        "cli-highlight": "^2.1.11",
        "cli-table3": "^0.6.5",
        "node-emoji": "^2.2.0",
        "supports-hyperlinks": "^3.1.0"
      },
      "engines": {
        "node": ">=16.0.0"
      },
      "peerDependencies": {
        "marked": ">=1 <16"
      }
    },
    "node_modules/mz": {
      "version": "2.7.0",
      "resolved": "https://registry.npm.wps.cn/mz/download/mz-2.7.0.tgz",
      "integrity": "sha1-lQCAV6Vsr63CvGPd5/n/aVWUjjI=",
      "license": "MIT",
      "dependencies": {
        "any-promise": "^1.0.0",
        "object-assign": "^4.0.1",
        "thenify-all": "^1.0.0"
      }
    },
    "node_modules/node-emoji": {
      "version": "2.2.0",
      "resolved": "https://registry.npm.wps.cn/node-emoji/download/node-emoji-2.2.0.tgz",
      "integrity": "sha1-HQAOPHbkYld4lb4bQ29KotZ2DrA=",
      "license": "MIT",
      "dependencies": {
        "@sindresorhus/is": "^4.6.0",
        "char-regex": "^1.0.2",
        "emojilib": "^2.4.0",
        "skin-tone": "^2.0.0"
      },
      "engines": {
        "node": ">=18"
      }
    },
    "node_modules/object-assign": {
      "version": "4.1.1",
      "resolved": "https://registry.npm.wps.cn/object-assign/download/object-assign-4.1.1.tgz",
      "integrity": "sha1-IQmtx5ZYh8/AXLvUQsrIv7s2CGM=",
      "license": "MIT",
      "engines": {
        "node": ">=0.10.0"
      }
    },
    "node_modules/parse5": {
      "version": "5.1.1",
      "resolved": "https://registry.npm.wps.cn/parse5/download/parse5-5.1.1.tgz",
      "integrity": "sha1-9o5OW6GFKsLK3AD0VV//bCq7YXg=",
      "license": "MIT"
    },
    "node_modules/parse5-htmlparser2-tree-adapter": {
      "version": "6.0.1",
      "resolved": "https://registry.npm.wps.cn/parse5-htmlparser2-tree-adapter/download/parse5-htmlparser2-tree-adapter-6.0.1.tgz",
      "integrity": "sha1-LN+a2CMyEUA3DU2/XT6Sx8jdxuY=",
      "license": "MIT",
      "dependencies": {
        "parse5": "^6.0.1"
      }
    },
    "node_modules/parse5-htmlparser2-tree-adapter/node_modules/parse5": {
      "version": "6.0.1",
      "resolved": "https://registry.npm.wps.cn/parse5/download/parse5-6.0.1.tgz",
      "integrity": "sha1-4aHAhcVps9wIMhGE8Zo5zCf3wws=",
      "license": "MIT"
    },
    "node_modules/require-directory": {
      "version": "2.1.1",
      "resolved": "https://registry.npm.wps.cn/require-directory/download/require-directory-2.1.1.tgz",
      "integrity": "sha1-jGStX9MNqxyXbiNE/+f3kqam30I=",
      "license": "MIT",
      "engines": {
        "node": ">=0.10.0"
      }
    },
    "node_modules/resolve-pkg-maps": {
      "version": "1.0.0",
      "resolved": "https://registry.npm.wps.cn/resolve-pkg-maps/download/resolve-pkg-maps-1.0.0.tgz",
      "integrity": "sha1-YWs9wsVwVrVYjDHN9LPWTbEzcg8=",
      "dev": true,
      "license": "MIT",
      "funding": {
        "url": "https://github.com/privatenumber/resolve-pkg-maps?sponsor=1"
      }
    },
    "node_modules/skin-tone": {
      "version": "2.0.0",
      "resolved": "https://registry.npm.wps.cn/skin-tone/download/skin-tone-2.0.0.tgz",
      "integrity": "sha1-Tjkzq0XA1PT3gXRdZLn0wgjkEjc=",
      "license": "MIT",
      "dependencies": {
        "unicode-emoji-modifier-base": "^1.0.0"
      },
      "engines": {
        "node": ">=8"
      }
    },
    "node_modules/string-width": {
      "version": "4.2.3",
      "resolved": "https://registry.npm.wps.cn/string-width/download/string-width-4.2.3.tgz",
      "integrity": "sha1-JpxxF9J7Ba0uU2gwqOyJXvnG0BA=",
      "license": "MIT",
      "dependencies": {
        "emoji-regex": "^8.0.0",
        "is-fullwidth-code-point": "^3.0.0",
        "strip-ansi": "^6.0.1"
      },
      "engines": {
        "node": ">=8"
      }
    },
    "node_modules/strip-ansi": {
      "version": "6.0.1",
      "resolved": "https://registry.npm.wps.cn/strip-ansi/download/strip-ansi-6.0.1.tgz",
      "integrity": "sha1-nibGPTD1NEPpSJSVshBdN7Z6hdk=",
      "license": "MIT",
      "dependencies": {
        "ansi-regex": "^5.0.1"
      },
      "engines": {
        "node": ">=8"
      }
    },
    "node_modules/strip-ansi/node_modules/ansi-regex": {
      "version": "5.0.1",
      "resolved": "https://registry.npm.wps.cn/ansi-regex/download/ansi-regex-5.0.1.tgz",
      "integrity": "sha1-CCyyyJyf6GWaMRpTvWpNxTAdswQ=",
      "license": "MIT",
      "engines": {
        "node": ">=8"
      }
    },
    "node_modules/supports-color": {
      "version": "7.2.0",
      "resolved": "https://registry.npm.wps.cn/supports-color/download/supports-color-7.2.0.tgz",
      "integrity": "sha1-G33NyzK4E4gBs+R4umpRyqiWSNo=",
      "license": "MIT",
      "dependencies": {
        "has-flag": "^4.0.0"
      },
      "engines": {
        "node": ">=8"
      }
    },
    "node_modules/supports-hyperlinks": {
      "version": "3.2.0",
      "resolved": "https://registry.npm.wps.cn/supports-hyperlinks/download/supports-hyperlinks-3.2.0.tgz",
      "integrity": "sha1-uOSFsXloHepJah56vfiYW9MUVGE=",
      "license": "MIT",
      "dependencies": {
        "has-flag": "^4.0.0",
        "supports-color": "^7.0.0"
      },
      "engines": {
        "node": ">=14.18"
      },
      "funding": {
        "url": "https://github.com/chalk/supports-hyperlinks?sponsor=1"
      }
    },
    "node_modules/thenify": {
      "version": "3.3.1",
      "resolved": "https://registry.npm.wps.cn/thenify/download/thenify-3.3.1.tgz",
      "integrity": "sha1-iTLmhqQGYDigFt2eLKRq3Zg4qV8=",
      "license": "MIT",
      "dependencies": {
        "any-promise": "^1.0.0"
      }
    },
    "node_modules/thenify-all": {
      "version": "1.6.0",
      "resolved": "https://registry.npm.wps.cn/thenify-all/download/thenify-all-1.6.0.tgz",
      "integrity": "sha1-GhkY1ALY/D+Y+/I02wvMjMEOlyY=",
      "license": "MIT",
      "dependencies": {
        "thenify": ">= 3.1.0 < 4"
      },
      "engines": {
        "node": ">=0.8"
      }
    },
    "node_modules/tsx": {
      "version": "4.21.0",
      "resolved": "https://registry.npm.wps.cn/tsx/download/tsx-4.21.0.tgz",
      "integrity": "sha1-Mqps8XSB4zb3Vhleb+BNrj5jCLE=",
      "dev": true,
      "license": "MIT",
      "dependencies": {
        "esbuild": "~0.27.0",
        "get-tsconfig": "^4.7.5"
      },
      "bin": {
        "tsx": "dist/cli.mjs"
      },
      "engines": {
        "node": ">=18.0.0"
      },
      "optionalDependencies": {
        "fsevents": "~2.3.3"
      }
    },
    "node_modules/typescript": {
      "version": "5.9.3",
      "resolved": "https://registry.npm.wps.cn/typescript/download/typescript-5.9.3.tgz",
      "integrity": "sha1-W09Z4VMQqxeiFvXWz1PuR27eZw8=",
      "dev": true,
      "license": "Apache-2.0",
      "bin": {
        "tsc": "bin/tsc",
        "tsserver": "bin/tsserver"
      },
      "engines": {
        "node": ">=14.17"
      }
    },
    "node_modules/undici-types": {
      "version": "6.21.0",
      "resolved": "https://registry.npm.wps.cn/undici-types/download/undici-types-6.21.0.tgz",
      "integrity": "sha1-aR0ArzkJvpOn+qE75hs6W1DvEss=",
      "dev": true,
      "license": "MIT"
    },
    "node_modules/unicode-emoji-modifier-base": {
      "version": "1.0.0",
      "resolved": "https://registry.npm.wps.cn/unicode-emoji-modifier-base/download/unicode-emoji-modifier-base-1.0.0.tgz",
      "integrity": "sha1-271bVLow8ofiqNWiSdpsDO82lFk=",
      "license": "MIT",
      "engines": {
        "node": ">=4"
      }
    },
    "node_modules/wrap-ansi": {
      "version": "7.0.0",
      "resolved": "https://registry.npm.wps.cn/wrap-ansi/download/wrap-ansi-7.0.0.tgz",
      "integrity": "sha1-Z+FFz/UQpqaYS98RUpEdadLrnkM=",
      "license": "MIT",
      "dependencies": {
        "ansi-styles": "^4.0.0",
        "string-width": "^4.1.0",
        "strip-ansi": "^6.0.0"
      },
      "engines": {
        "node": ">=10"
      },
      "funding": {
        "url": "https://github.com/chalk/wrap-ansi?sponsor=1"
      }
    },
    "node_modules/y18n": {
      "version": "5.0.8",
      "resolved": "https://registry.npm.wps.cn/y18n/download/y18n-5.0.8.tgz",
      "integrity": "sha1-f0k00PfKjFb5UxSTndzS3ZHOHVU=",
      "license": "ISC",
      "engines": {
        "node": ">=10"
      }
    },
    "node_modules/yargs": {
      "version": "16.2.0",
      "resolved": "https://registry.npm.wps.cn/yargs/download/yargs-16.2.0.tgz",
      "integrity": "sha1-HIK/D2tqZur85+8w43b0mhJHf2Y=",
      "license": "MIT",
      "dependencies": {
        "cliui": "^7.0.2",
        "escalade": "^3.1.1",
        "get-caller-file": "^2.0.5",
        "require-directory": "^2.1.1",
        "string-width": "^4.2.0",
        "y18n": "^5.0.5",
        "yargs-parser": "^20.2.2"
      },
      "engines": {
        "node": ">=10"
      }
    },
    "node_modules/yargs-parser": {
      "version": "20.2.9",
      "resolved": "https://registry.npm.wps.cn/yargs-parser/download/yargs-parser-20.2.9.tgz",
      "integrity": "sha1-LrfcOwKJcY/ClfNidThFxBoMlO4=",
      "license": "ISC",
      "engines": {
        "node": ">=10"
      }
    }
  }
}
